# @generated - this file is auto-generated by `mise lock` https://mise.jdx.dev/dev-tools/mise-lock.html

lockfile_version = 1

[[tools.node]]
version = "24.16.0"
backend = "core:node"
specifiers = ["24.16.0"]

[[tools.pnpm]]
version = "11.25.0"
backend = "aqua:pnpm/pnpm"
specifiers = ["11.25.0"]

[[tools."toolshed:get-skills"]]
version = "latest"
backend = "toolshed:get-skills"
specifiers = ["latest"]
